
Microsoft Visual Studio Solution File, Format Version 12.00
# Visual Studio Version 17
VisualStudioVersion = 17.12.35707.178
MinimumVisualStudioVersion = 10.0.40219.1
Project("{FAE04EC0-301F-11D3-BF4B-00C04F79EFBC}") = "Gateway.WebApi", "Gateway.WebApi\Gateway.WebApi.csproj", "{CECF9EB6-8815-4642-BAFC-094F0AA86F64}"
EndProject
Project("{2150E333-8FDC-42A3-9474-1A3956D46DE8}") = "WebApi", "WebApi", "{BF878A2D-0163-4F90-80C4-7485EE09A01E}"
EndProject
Project("{2150E333-8FDC-42A3-9474-1A3956D46DE8}") = "Core", "Core", "{55A42436-CB8C-462C-9987-6E54AFB29D31}"
EndProject
Project("{2150E333-8FDC-42A3-9474-1A3956D46DE8}") = "Infrastructure", "Infrastructure", "{54CF2CAA-91C5-4F64-AADF-7AFB3AFD8F69}"
EndProject
Project("{2150E333-8FDC-42A3-9474-1A3956D46DE8}") = "Services", "Services", "{034B4C01-9B07-43F5-83FB-1568D8E185A9}"
EndProject
Project("{2150E333-8FDC-42A3-9474-1A3956D46DE8}") = "Entities", "Entities", "{B26C31F1-898E-4875-B6AD-76B5490C6D14}"
EndProject
Project("{2150E333-8FDC-42A3-9474-1A3956D46DE8}") = "UseCases", "UseCases", "{16C20EFE-35FB-4018-BE17-69CB93FAEE5E}"
EndProject
Project("{FAE04EC0-301F-11D3-BF4B-00C04F79EFBC}") = "DataBaseToAccess", "DataBaseToAccess\DataBaseToAccess.csproj", "{2784393A-05E3-4027-AFD3-4C7660C2B710}"
EndProject
Project("{FAE04EC0-301F-11D3-BF4B-00C04F79EFBC}") = "Business.Data", "Business.Data\Business.Data.csproj", "{866DC65F-7963-42F2-A209-602F4618255B}"
EndProject
Project("{FAE04EC0-301F-11D3-BF4B-00C04F79EFBC}") = "Service.Application", "Service.Application\Service.Application.csproj", "{1D8ED126-765D-4A83-9A4A-11AB844049B8}"
EndProject
Global
	GlobalSection(SolutionConfigurationPlatforms) = preSolution
		Debug|Any CPU = Debug|Any CPU
		Release|Any CPU = Release|Any CPU
	EndGlobalSection
	GlobalSection(ProjectConfigurationPlatforms) = postSolution
		{CECF9EB6-8815-4642-BAFC-094F0AA86F64}.Debug|Any CPU.ActiveCfg = Debug|Any CPU
		{CECF9EB6-8815-4642-BAFC-094F0AA86F64}.Debug|Any CPU.Build.0 = Debug|Any CPU
		{CECF9EB6-8815-4642-BAFC-094F0AA86F64}.Release|Any CPU.ActiveCfg = Release|Any CPU
		{CECF9EB6-8815-4642-BAFC-094F0AA86F64}.Release|Any CPU.Build.0 = Release|Any CPU
		{2784393A-05E3-4027-AFD3-4C7660C2B710}.Debug|Any CPU.ActiveCfg = Debug|Any CPU
		{2784393A-05E3-4027-AFD3-4C7660C2B710}.Debug|Any CPU.Build.0 = Debug|Any CPU
		{2784393A-05E3-4027-AFD3-4C7660C2B710}.Release|Any CPU.ActiveCfg = Release|Any CPU
		{2784393A-05E3-4027-AFD3-4C7660C2B710}.Release|Any CPU.Build.0 = Release|Any CPU
		{866DC65F-7963-42F2-A209-602F4618255B}.Debug|Any CPU.ActiveCfg = Debug|Any CPU
		{866DC65F-7963-42F2-A209-602F4618255B}.Debug|Any CPU.Build.0 = Debug|Any CPU
		{866DC65F-7963-42F2-A209-602F4618255B}.Release|Any CPU.ActiveCfg = Release|Any CPU
		{866DC65F-7963-42F2-A209-602F4618255B}.Release|Any CPU.Build.0 = Release|Any CPU
		{1D8ED126-765D-4A83-9A4A-11AB844049B8}.Debug|Any CPU.ActiveCfg = Debug|Any CPU
		{1D8ED126-765D-4A83-9A4A-11AB844049B8}.Debug|Any CPU.Build.0 = Debug|Any CPU
		{1D8ED126-765D-4A83-9A4A-11AB844049B8}.Release|Any CPU.ActiveCfg = Release|Any CPU
		{1D8ED126-765D-4A83-9A4A-11AB844049B8}.Release|Any CPU.Build.0 = Release|Any CPU
	EndGlobalSection
	GlobalSection(SolutionProperties) = preSolution
		HideSolutionNode = FALSE
	EndGlobalSection
	GlobalSection(NestedProjects) = preSolution
		{CECF9EB6-8815-4642-BAFC-094F0AA86F64} = {BF878A2D-0163-4F90-80C4-7485EE09A01E}
		{B26C31F1-898E-4875-B6AD-76B5490C6D14} = {55A42436-CB8C-462C-9987-6E54AFB29D31}
		{16C20EFE-35FB-4018-BE17-69CB93FAEE5E} = {55A42436-CB8C-462C-9987-6E54AFB29D31}
		{2784393A-05E3-4027-AFD3-4C7660C2B710} = {54CF2CAA-91C5-4F64-AADF-7AFB3AFD8F69}
		{866DC65F-7963-42F2-A209-602F4618255B} = {B26C31F1-898E-4875-B6AD-76B5490C6D14}
		{1D8ED126-765D-4A83-9A4A-11AB844049B8} = {16C20EFE-35FB-4018-BE17-69CB93FAEE5E}
	EndGlobalSection
EndGlobal
